PODS:
  - FlexLayout (1.3.33)
  - FlexLayoutSupport (0.2.0):
    - FlexLayout (~> 1.3.33)
  - Kingfisher (4.8.1)
  - LookinServer (1.1.7):
    - LookinServer/Core (= 1.1.7)
  - LookinServer/Core (1.1.7)
  - PinLayout (1.7.9)

DEPENDENCIES:
  - FlexLayoutSupport (from `../`)
  - Kingfisher (~> 4.8.0)
  - LookinServer
  - PinLayout (= 1.7.9)

SPEC REPOS:
  trunk:
    - FlexLayout
    - Kingfisher
    - LookinServer
    - PinLayout

EXTERNAL SOURCES:
  FlexLayoutSupport:
    :path: "../"

SPEC CHECKSUMS:
  FlexLayout: d515437814cc7a6b50d6d2d14da7cd8059f8d6f6
  FlexLayoutSupport: 86394771c656b85b80d20081cbc72999638316f8
  Kingfisher: 868c1149679a7ab6869be118faa9b5aed154aaf0
  LookinServer: 4ce0469b066871525611d009d8d16a7a50c23491
  PinLayout: 21ce87a865407a7a3c8a38a326611c476095fedf

PODFILE CHECKSUM: 18b12480f47224744bc6aaaa9190567673b366fc

COCOAPODS: 1.12.1
